# This file is autogenerated, do not edit; changes may be undone by the next 'dep ensure'.


[[projects]]
  branch = "master"
  name = "golang.org/x/net"
  packages = ["context","context/ctxhttp"]
  revision = "61147c48b25b599e5b561d2e9c4f3e1ef489ca41"

[[projects]]
  branch = "master"
  name = "google.golang.org/api"
  packages = ["dialogflow/v2","gensupport","googleapi","googleapi/internal/uritemplates"]
  revision = "fca24fcb41126b846105a93fb9e30f416bdd55ce"

[solve-meta]
  analyzer-name = "dep"
  analyzer-version = 1
  inputs-digest = "0b704fe8dd51729f3d00f04fc72756858136cacc75bd9b568e66990a74085c17"
  solver-name = "gps-cdcl"
  solver-version = 1
